
Microsoft Visual Studio Solution File, Format Version 12.00
# Visual Studio Version 16
VisualStudioVersion = 16.0.30204.135
MinimumVisualStudioVersion = 10.0.40219.1
Project("{FAE04EC0-301F-11D3-BF4B-00C04F79EFBC}") = "AuthoringTagHelpers.Web", "AuthoringTagHelpers\AuthoringTagHelpers.Web.csproj", "{C0DBF8E4-F8D7-4F00-A56D-37A882EA0539}"
EndProject
Project("{FAE04EC0-301F-11D3-BF4B-00C04F79EFBC}") = "TagHelpers.Lib", "TagHelpers.Lib\TagHelpers.Lib.csproj", "{8897D6EB-C0D3-4590-B0B5-38025506AD01}"
EndProject
Project("{FAE04EC0-301F-11D3-BF4B-00C04F79EFBC}") = "AuthoringTagHelpers.Data", "AuthoringTagHelpers.Data\AuthoringTagHelpers.Data.csproj", "{7D2AB08E-1809-488B-BD50-966BB4887FA9}"
EndProject
Global
	GlobalSection(SolutionConfigurationPlatforms) = preSolution
		Debug|Any CPU = Debug|Any CPU
		Release|Any CPU = Release|Any CPU
	EndGlobalSection
	GlobalSection(ProjectConfigurationPlatforms) = postSolution
		{C0DBF8E4-F8D7-4F00-A56D-37A882EA0539}.Debug|Any CPU.ActiveCfg = Debug|Any CPU
		{C0DBF8E4-F8D7-4F00-A56D-37A882EA0539}.Debug|Any CPU.Build.0 = Debug|Any CPU
		{C0DBF8E4-F8D7-4F00-A56D-37A882EA0539}.Release|Any CPU.ActiveCfg = Release|Any CPU
		{C0DBF8E4-F8D7-4F00-A56D-37A882EA0539}.Release|Any CPU.Build.0 = Release|Any CPU
		{8897D6EB-C0D3-4590-B0B5-38025506AD01}.Debug|Any CPU.ActiveCfg = Debug|Any CPU
		{8897D6EB-C0D3-4590-B0B5-38025506AD01}.Debug|Any CPU.Build.0 = Debug|Any CPU
		{8897D6EB-C0D3-4590-B0B5-38025506AD01}.Release|Any CPU.ActiveCfg = Release|Any CPU
		{8897D6EB-C0D3-4590-B0B5-38025506AD01}.Release|Any CPU.Build.0 = Release|Any CPU
		{7D2AB08E-1809-488B-BD50-966BB4887FA9}.Debug|Any CPU.ActiveCfg = Debug|Any CPU
		{7D2AB08E-1809-488B-BD50-966BB4887FA9}.Debug|Any CPU.Build.0 = Debug|Any CPU
		{7D2AB08E-1809-488B-BD50-966BB4887FA9}.Release|Any CPU.ActiveCfg = Release|Any CPU
		{7D2AB08E-1809-488B-BD50-966BB4887FA9}.Release|Any CPU.Build.0 = Release|Any CPU
	EndGlobalSection
	GlobalSection(SolutionProperties) = preSolution
		HideSolutionNode = FALSE
	EndGlobalSection
	GlobalSection(ExtensibilityGlobals) = postSolution
		SolutionGuid = {F0BE536C-3220-432B-AB5D-F65479F62334}
	EndGlobalSection
EndGlobal
